// !$*UTF8*$!
{
	archiveVersion = 1;
	classes = {
	};
	objectVersion = 55;
	objects = {

/* Begin PBXBuildFile section */
		4D13A65B28829FF000197D2A /* MumentHistoryVC.swift in Sources */ = {isa = PBXBuildFile; fileRef = 4D13A65A28829FF000197D2A /* MumentHistoryVC.swift */; };
		4D13A65D2882A42000197D2A /* MumentHistoryTVHeader.swift in Sources */ = {isa = PBXBuildFile; fileRef = 4D13A65C2882A42000197D2A /* MumentHistoryTVHeader.swift */; };
		4D13A65F2882AF1B00197D2A /* OrderingButton.swift in Sources */ = {isa = PBXBuildFile; fileRef = 4D13A65E2882AF1B00197D2A /* OrderingButton.swift */; };
		4D13A6612886A87400197D2A /* SongInfoTVC.swift in Sources */ = {isa = PBXBuildFile; fileRef = 4D13A6602886A87400197D2A /* SongInfoTVC.swift */; };
		4D2BADCA2880334C004A7E00 /* MumentsByTagCVC.swift in Sources */ = {isa = PBXBuildFile; fileRef = 4D2BADC92880334C004A7E00 /* MumentsByTagCVC.swift */; };
		4D2BADCC288033E0004A7E00 /* MumentsByTagModel.swift in Sources */ = {isa = PBXBuildFile; fileRef = 4D2BADCB288033E0004A7E00 /* MumentsByTagModel.swift */; };
		4D2BADCE2880459F004A7E00 /* MumentsByTagTitleModel.swift in Sources */ = {isa = PBXBuildFile; fileRef = 4D2BADCD2880459F004A7E00 /* MumentsByTagTitleModel.swift */; };
		4D2BADD028806A75004A7E00 /* SongDetailVC.swift in Sources */ = {isa = PBXBuildFile; fileRef = 4D2BADCF28806A75004A7E00 /* SongDetailVC.swift */; };
		4D2BADD328806C08004A7E00 /* MumentCardBySongTVC.swift in Sources */ = {isa = PBXBuildFile; fileRef = 4D2BADD228806C08004A7E00 /* MumentCardBySongTVC.swift */; };
		4D2BADD528806C10004A7E00 /* MumentCardBySongModel.swift in Sources */ = {isa = PBXBuildFile; fileRef = 4D2BADD428806C10004A7E00 /* MumentCardBySongModel.swift */; };
		4D2BADD728806E15004A7E00 /* SongDetailTVC.swift in Sources */ = {isa = PBXBuildFile; fileRef = 4D2BADD628806E15004A7E00 /* SongDetailTVC.swift */; };
		4D4C8658287BCD3D00D972AF /* CarouselCVC.swift in Sources */ = {isa = PBXBuildFile; fileRef = 4D4C8657287BCD3D00D972AF /* CarouselCVC.swift */; };
		4D64A9E8287D810000450FCA /* MumentCardWithoutHeartView.swift in Sources */ = {isa = PBXBuildFile; fileRef = 4D64A9E7287D810000450FCA /* MumentCardWithoutHeartView.swift */; };
		4D64A9EA287D885A00450FCA /* DefaultTagView.swift in Sources */ = {isa = PBXBuildFile; fileRef = 4D64A9E9287D885A00450FCA /* DefaultTagView.swift */; };
		4D64A9ED287DD95A00450FCA /* DefaultMumentCardModel.swift in Sources */ = {isa = PBXBuildFile; fileRef = 4D64A9EC287DD95A00450FCA /* DefaultMumentCardModel.swift */; };
		4D64A9EF287DEC1800450FCA /* DefaultMumentCardView.swift in Sources */ = {isa = PBXBuildFile; fileRef = 4D64A9EE287DEC1800450FCA /* DefaultMumentCardView.swift */; };
		4D64A9F1287DEEC900450FCA /* MumentCardWithoutHeartModel.swift in Sources */ = {isa = PBXBuildFile; fileRef = 4D64A9F0287DEEC900450FCA /* MumentCardWithoutHeartModel.swift */; };
		4D696CE9287975740060CE41 /* HomeTVHeader.swift in Sources */ = {isa = PBXBuildFile; fileRef = 4D696CE8287975740060CE41 /* HomeTVHeader.swift */; };
		4D696CEB287975800060CE41 /* CarouselTVC.swift in Sources */ = {isa = PBXBuildFile; fileRef = 4D696CEA287975800060CE41 /* CarouselTVC.swift */; };
		4D696CEF287978360060CE41 /* MumentsOfRevisitedTVC.swift in Sources */ = {isa = PBXBuildFile; fileRef = 4D696CEE287978360060CE41 /* MumentsOfRevisitedTVC.swift */; };
		4D696CF12879784C0060CE41 /* MumentsByTagTVC.swift in Sources */ = {isa = PBXBuildFile; fileRef = 4D696CF02879784C0060CE41 /* MumentsByTagTVC.swift */; };
		4D696CF3287978630060CE41 /* MumentForTodayTVC.swift in Sources */ = {isa = PBXBuildFile; fileRef = 4D696CF2287978630060CE41 /* MumentForTodayTVC.swift */; };
		4D76045228808CFA0044F2A6 /* SongDetailInfoModel.swift in Sources */ = {isa = PBXBuildFile; fileRef = 4D76045128808CFA0044F2A6 /* SongDetailInfoModel.swift */; };
		4D760454288093280044F2A6 /* DefaultNavigationBar.swift in Sources */ = {isa = PBXBuildFile; fileRef = 4D760453288093280044F2A6 /* DefaultNavigationBar.swift */; };
		4D76045A2880AC840044F2A6 /* MumentDetailVC.swift in Sources */ = {isa = PBXBuildFile; fileRef = 4D7604592880AC840044F2A6 /* MumentDetailVC.swift */; };
		4D76045C2880ACB40044F2A6 /* DetailMumentCardView.swift in Sources */ = {isa = PBXBuildFile; fileRef = 4D76045B2880ACB40044F2A6 /* DetailMumentCardView.swift */; };
		4D7604612880ADB60044F2A6 /* DetailSongInfoView.swift in Sources */ = {isa = PBXBuildFile; fileRef = 4D7604602880ADB60044F2A6 /* DetailSongInfoView.swift */; };
		4D7604662880C8ED0044F2A6 /* MumentDetailVCModel.swift in Sources */ = {isa = PBXBuildFile; fileRef = 4D7604652880C8ED0044F2A6 /* MumentDetailVCModel.swift */; };
		4D76046828814A8A0044F2A6 /* MyMumentSectionHeader.swift in Sources */ = {isa = PBXBuildFile; fileRef = 4D76046728814A8A0044F2A6 /* MyMumentSectionHeader.swift */; };
		4D76046A28814A9A0044F2A6 /* AllMumentsSectionHeader.swift in Sources */ = {isa = PBXBuildFile; fileRef = 4D76046928814A9A0044F2A6 /* AllMumentsSectionHeader.swift */; };
		4D76046E2881860C0044F2A6 /* MumentCardBySongView.swift in Sources */ = {isa = PBXBuildFile; fileRef = 4D76046D2881860C0044F2A6 /* MumentCardBySongView.swift */; };
		4D9734ED287EB022003EF546 /* MumentsOfRevisitedCVC.swift in Sources */ = {isa = PBXBuildFile; fileRef = 4D9734EC287EB022003EF546 /* MumentsOfRevisitedCVC.swift */; };
		4D9734EF287EC748003EF546 /* MumentsOfRevisitedModel.swift in Sources */ = {isa = PBXBuildFile; fileRef = 4D9734EE287EC748003EF546 /* MumentsOfRevisitedModel.swift */; };
		4D9734F3287F3A41003EF546 /* Preview.swift in Sources */ = {isa = PBXBuildFile; fileRef = 4D9734F2287F3A41003EF546 /* Preview.swift */; };
		4DF61685287C43CC00ECC421 /* UITableViewCell+.swift in Sources */ = {isa = PBXBuildFile; fileRef = 4DF61684287C43CC00ECC421 /* UITableViewCell+.swift */; };
		C71B47E728807B64001A7CD6 /* SearchVC.swift in Sources */ = {isa = PBXBuildFile; fileRef = C71B47E628807B64001A7CD6 /* SearchVC.swift */; };
		C71B47EB288164CA001A7CD6 /* MusicForSearchModel.swift in Sources */ = {isa = PBXBuildFile; fileRef = C71B47EA288164CA001A7CD6 /* MusicForSearchModel.swift */; };
		C71B47ED28818B21001A7CD6 /* SearchTVC.swift in Sources */ = {isa = PBXBuildFile; fileRef = C71B47EC28818B21001A7CD6 /* SearchTVC.swift */; };
		C71B47EF2881A11E001A7CD6 /* UIImageView+.swift in Sources */ = {isa = PBXBuildFile; fileRef = C71B47EE2881A11E001A7CD6 /* UIImageView+.swift */; };
		C71B47F12881A14F001A7CD6 /* ImageCacheManager.swift in Sources */ = {isa = PBXBuildFile; fileRef = C71B47F02881A14F001A7CD6 /* ImageCacheManager.swift */; };
		C71B47F32881A44B001A7CD6 /* RecentSearchTVC.swift in Sources */ = {isa = PBXBuildFile; fileRef = C71B47F22881A44B001A7CD6 /* RecentSearchTVC.swift */; };
		C71B47F52881A7C6001A7CD6 /* RecentSearchEmptyView.swift in Sources */ = {isa = PBXBuildFile; fileRef = C71B47F42881A7C6001A7CD6 /* RecentSearchEmptyView.swift */; };
		C71B47F72882A612001A7CD6 /* SearchTVType.swift in Sources */ = {isa = PBXBuildFile; fileRef = C71B47F62882A612001A7CD6 /* SearchTVType.swift */; };
		C71B47F92882ACF1001A7CD6 /* SearchResultEmptyView.swift in Sources */ = {isa = PBXBuildFile; fileRef = C71B47F82882ACF1001A7CD6 /* SearchResultEmptyView.swift */; };
		C71B47FC2884369C001A7CD6 /* MumentAlertWithButtons.swift in Sources */ = {isa = PBXBuildFile; fileRef = C71B47FB2884369C001A7CD6 /* MumentAlertWithButtons.swift */; };
		C71B47FF288450FD001A7CD6 /* MumentAlertTitleType.swift in Sources */ = {isa = PBXBuildFile; fileRef = C71B47FE288450FD001A7CD6 /* MumentAlertTitleType.swift */; };
		C71B48012884951C001A7CD6 /* LeftAlignedCollectionViewFlowLayout.swift in Sources */ = {isa = PBXBuildFile; fileRef = C71B48002884951C001A7CD6 /* LeftAlignedCollectionViewFlowLayout.swift */; };
		C71B480328854CD2001A7CD6 /* AlignmentLayout.swift in Sources */ = {isa = PBXBuildFile; fileRef = C71B480228854CD2001A7CD6 /* AlignmentLayout.swift */; };
		C71B48052885641C001A7CD6 /* NewAlignedCollectionViewLayout.swift in Sources */ = {isa = PBXBuildFile; fileRef = C71B48042885641C001A7CD6 /* NewAlignedCollectionViewLayout.swift */; };
		C71B4807288597ED001A7CD6 /* SearchBottomSheetVC.swift in Sources */ = {isa = PBXBuildFile; fileRef = C71B4806288597ED001A7CD6 /* SearchBottomSheetVC.swift */; };
		C71B48092885A877001A7CD6 /* SearchForWriteView.swift in Sources */ = {isa = PBXBuildFile; fileRef = C71B48082885A877001A7CD6 /* SearchForWriteView.swift */; };
		C71B480B2885D6B3001A7CD6 /* WriteMusicView.swift in Sources */ = {isa = PBXBuildFile; fileRef = C71B480A2885D6B3001A7CD6 /* WriteMusicView.swift */; };
		C71B480D2885EB84001A7CD6 /* Notification+Name+.swift in Sources */ = {isa = PBXBuildFile; fileRef = C71B480C2885EB84001A7CD6 /* Notification+Name+.swift */; };
		C71B481A2886F5FF001A7CD6 /* Int+.swift in Sources */ = {isa = PBXBuildFile; fileRef = C71B48192886F5FF001A7CD6 /* Int+.swift */; };
		C71B48122886DD29001A7CD6 /* SignInBodyModel.swift in Sources */ = {isa = PBXBuildFile; fileRef = C71B48112886DD29001A7CD6 /* SignInBodyModel.swift */; };
		C71B48142886DD8E001A7CD6 /* SignAPI.swift in Sources */ = {isa = PBXBuildFile; fileRef = C71B48132886DD8E001A7CD6 /* SignAPI.swift */; };
		C71B48162886E5DF001A7CD6 /* SignInVC.swift in Sources */ = {isa = PBXBuildFile; fileRef = C71B48152886E5DF001A7CD6 /* SignInVC.swift */; };
		C71B48182886E7BA001A7CD6 /* SignInDataModel.swift in Sources */ = {isa = PBXBuildFile; fileRef = C71B48172886E7BA001A7CD6 /* SignInDataModel.swift */; };
		C73FC9B4287AEA510017F2DA /* MumentCompleteButton.swift in Sources */ = {isa = PBXBuildFile; fileRef = C73FC9B3287AEA510017F2DA /* MumentCompleteButton.swift */; };
		C73FC9C0287C19A40017F2DA /* TargetType.swift in Sources */ = {isa = PBXBuildFile; fileRef = C73FC9BF287C19A40017F2DA /* TargetType.swift */; };
		C73FC9C2287C19B00017F2DA /* NetworkResult.swift in Sources */ = {isa = PBXBuildFile; fileRef = C73FC9C1287C19B00017F2DA /* NetworkResult.swift */; };
		C73FC9C4287C19CD0017F2DA /* APIConstants.swift in Sources */ = {isa = PBXBuildFile; fileRef = C73FC9C3287C19CD0017F2DA /* APIConstants.swift */; };
		C73FC9C6287C19D30017F2DA /* GenericResponse.swift in Sources */ = {isa = PBXBuildFile; fileRef = C73FC9C5287C19D30017F2DA /* GenericResponse.swift */; };
		C73FC9C8287C19DA0017F2DA /* NetworkConstants.swift in Sources */ = {isa = PBXBuildFile; fileRef = C73FC9C7287C19DA0017F2DA /* NetworkConstants.swift */; };
		C73FC9CA287C19E60017F2DA /* SignService.swift in Sources */ = {isa = PBXBuildFile; fileRef = C73FC9C9287C19E60017F2DA /* SignService.swift */; };
		C73FC9CC287C19EC0017F2DA /* BaseAPI.swift in Sources */ = {isa = PBXBuildFile; fileRef = C73FC9CB287C19EC0017F2DA /* BaseAPI.swift */; };
		C73FC9CE287C19F40017F2DA /* EventLogger.swift in Sources */ = {isa = PBXBuildFile; fileRef = C73FC9CD287C19F40017F2DA /* EventLogger.swift */; };
		C73FC9D0287C21590017F2DA /* WriteTagCVC.swift in Sources */ = {isa = PBXBuildFile; fileRef = C73FC9CF287C21590017F2DA /* WriteTagCVC.swift */; };
		C74EC41A28758D220068EB46 /* AppDelegate.swift in Sources */ = {isa = PBXBuildFile; fileRef = C74EC41928758D220068EB46 /* AppDelegate.swift */; };
		C74EC41C28758D220068EB46 /* SceneDelegate.swift in Sources */ = {isa = PBXBuildFile; fileRef = C74EC41B28758D220068EB46 /* SceneDelegate.swift */; };
		C74EC42328758D230068EB46 /* Assets.xcassets in Resources */ = {isa = PBXBuildFile; fileRef = C74EC42228758D230068EB46 /* Assets.xcassets */; };
		C74EC42628758D230068EB46 /* LaunchScreen.storyboard in Resources */ = {isa = PBXBuildFile; fileRef = C74EC42428758D230068EB46 /* LaunchScreen.storyboard */; };
		C74EC435287592750068EB46 /* Colorsets.xcassets in Resources */ = {isa = PBXBuildFile; fileRef = C74EC434287592750068EB46 /* Colorsets.xcassets */; };
		C74EC438287593110068EB46 /* UIColor+.swift in Sources */ = {isa = PBXBuildFile; fileRef = C74EC437287593110068EB46 /* UIColor+.swift */; };
		C74EC43B287593910068EB46 /* SnapKit in Frameworks */ = {isa = PBXBuildFile; productRef = C74EC43A287593910068EB46 /* SnapKit */; };
		C74EC43E2875939F0068EB46 /* Then in Frameworks */ = {isa = PBXBuildFile; productRef = C74EC43D2875939F0068EB46 /* Then */; };
		C74EC441287593BF0068EB46 /* RxBlocking in Frameworks */ = {isa = PBXBuildFile; productRef = C74EC440287593BF0068EB46 /* RxBlocking */; };
		C74EC443287593BF0068EB46 /* RxCocoa in Frameworks */ = {isa = PBXBuildFile; productRef = C74EC442287593BF0068EB46 /* RxCocoa */; };
		C74EC445287593BF0068EB46 /* RxRelay in Frameworks */ = {isa = PBXBuildFile; productRef = C74EC444287593BF0068EB46 /* RxRelay */; };
		C74EC447287593BF0068EB46 /* RxSwift in Frameworks */ = {isa = PBXBuildFile; productRef = C74EC446287593BF0068EB46 /* RxSwift */; };
		C74EC44C287594270068EB46 /* Alamofire in Frameworks */ = {isa = PBXBuildFile; productRef = C74EC44B287594270068EB46 /* Alamofire */; };
		C7BB53002875960800E0E889 /* UIFont+.swift in Sources */ = {isa = PBXBuildFile; fileRef = C7BB52FF2875960800E0E889 /* UIFont+.swift */; };
		C7BB53082875973800E0E889 /* NotoSans-SemiBold.ttf in Resources */ = {isa = PBXBuildFile; fileRef = C7BB53042875973800E0E889 /* NotoSans-SemiBold.ttf */; };
		C7BB53092875973800E0E889 /* NotoSans-Bold.ttf in Resources */ = {isa = PBXBuildFile; fileRef = C7BB53052875973800E0E889 /* NotoSans-Bold.ttf */; };
		C7BB530A2875973800E0E889 /* NotoSans-Medium.ttf in Resources */ = {isa = PBXBuildFile; fileRef = C7BB53062875973800E0E889 /* NotoSans-Medium.ttf */; };
		C7BB530B2875973800E0E889 /* NotoSans-Regular.ttf in Resources */ = {isa = PBXBuildFile; fileRef = C7BB53072875973800E0E889 /* NotoSans-Regular.ttf */; };
		C7BB53102875990700E0E889 /* BaseVC.swift in Sources */ = {isa = PBXBuildFile; fileRef = C7BB530F2875990700E0E889 /* BaseVC.swift */; };
		C7BB53122875994500E0E889 /* UIViewController+.swift in Sources */ = {isa = PBXBuildFile; fileRef = C7BB53112875994500E0E889 /* UIViewController+.swift */; };
		C7BB531428759AB200E0E889 /* Adjusted+.swift in Sources */ = {isa = PBXBuildFile; fileRef = C7BB531328759AB200E0E889 /* Adjusted+.swift */; };
		C7BB531628759BBD00E0E889 /* MumentTabBarController.swift in Sources */ = {isa = PBXBuildFile; fileRef = C7BB531528759BBD00E0E889 /* MumentTabBarController.swift */; };
		C7BB531828759CF000E0E889 /* UITabBar+.swift in Sources */ = {isa = PBXBuildFile; fileRef = C7BB531728759CF000E0E889 /* UITabBar+.swift */; };
		C7BB531A28759DE500E0E889 /* HomeVC.swift in Sources */ = {isa = PBXBuildFile; fileRef = C7BB531928759DE500E0E889 /* HomeVC.swift */; };
		C7BB531C28759E0200E0E889 /* WriteVC.swift in Sources */ = {isa = PBXBuildFile; fileRef = C7BB531B28759E0200E0E889 /* WriteVC.swift */; };
		C7BB531E28759E6500E0E889 /* StorageVC.swift in Sources */ = {isa = PBXBuildFile; fileRef = C7BB531D28759E6500E0E889 /* StorageVC.swift */; };
		C7BC6B512876AD8C008C75CE /* DefaultNavigationView.swift in Sources */ = {isa = PBXBuildFile; fileRef = C7BC6B502876AD8C008C75CE /* DefaultNavigationView.swift */; };
		C7BC6B562876ADCD008C75CE /* CarouselModel.swift in Sources */ = {isa = PBXBuildFile; fileRef = C7BC6B552876ADCD008C75CE /* CarouselModel.swift */; };
		C7BC6B582876ADD6008C75CE /* ww.swift in Sources */ = {isa = PBXBuildFile; fileRef = C7BC6B572876ADD6008C75CE /* ww.swift */; };
		C7BC6B5A2876ADDD008C75CE /* ss.swift in Sources */ = {isa = PBXBuildFile; fileRef = C7BC6B592876ADDD008C75CE /* ss.swift */; };
		C7BC6B5C287708D1008C75CE /* BaseNVC.swift in Sources */ = {isa = PBXBuildFile; fileRef = C7BC6B5B287708D1008C75CE /* BaseNVC.swift */; };
		C7BC6B5E28770902008C75CE /* NSObject+.swift in Sources */ = {isa = PBXBuildFile; fileRef = C7BC6B5D28770902008C75CE /* NSObject+.swift */; };
		C7BC6B6028770FB6008C75CE /* UILabel+.swift in Sources */ = {isa = PBXBuildFile; fileRef = C7BC6B5F28770FB6008C75CE /* UILabel+.swift */; };
		C7BC6B6228771020008C75CE /* UICollectionView+.swift in Sources */ = {isa = PBXBuildFile; fileRef = C7BC6B6128771020008C75CE /* UICollectionView+.swift */; };
		C7BC6B6428771042008C75CE /* UITableVIew+.swift in Sources */ = {isa = PBXBuildFile; fileRef = C7BC6B6328771042008C75CE /* UITableVIew+.swift */; };
		C7BC6B6628771056008C75CE /* UITextField+.swift in Sources */ = {isa = PBXBuildFile; fileRef = C7BC6B6528771056008C75CE /* UITextField+.swift */; };
		C7BC6B68287710BA008C75CE /* UIView+.swift in Sources */ = {isa = PBXBuildFile; fileRef = C7BC6B67287710BA008C75CE /* UIView+.swift */; };
		C7BC6B6A287710D6008C75CE /* UIButton+.swift in Sources */ = {isa = PBXBuildFile; fileRef = C7BC6B69287710D6008C75CE /* UIButton+.swift */; };
		C7BC6B6C287710F9008C75CE /* String+.swift in Sources */ = {isa = PBXBuildFile; fileRef = C7BC6B6B287710F9008C75CE /* String+.swift */; };
		C7BC6B6E28771152008C75CE /* UserDefaults+.swift in Sources */ = {isa = PBXBuildFile; fileRef = C7BC6B6D28771152008C75CE /* UserDefaults+.swift */; };
		C7BC6B7028771184008C75CE /* UIStackView+.swift in Sources */ = {isa = PBXBuildFile; fileRef = C7BC6B6F28771184008C75CE /* UIStackView+.swift */; };
		C7BC6B722877ECA0008C75CE /* CALayer+.swift in Sources */ = {isa = PBXBuildFile; fileRef = C7BC6B712877ECA0008C75CE /* CALayer+.swift */; };
		E781F219288052DF00484C28 /* MyMumentVC.swift in Sources */ = {isa = PBXBuildFile; fileRef = E781F218288052DF00484C28 /* MyMumentVC.swift */; };
		E781F21B288052ED00484C28 /* LikedMumentVC.swift in Sources */ = {isa = PBXBuildFile; fileRef = E781F21A288052ED00484C28 /* LikedMumentVC.swift */; };
		E781F2232881BC0800484C28 /* CellCategory.swift in Sources */ = {isa = PBXBuildFile; fileRef = E781F2222881BC0800484C28 /* CellCategory.swift */; };
		E781F2252881FB5A00484C28 /* AlbumCVC.swift in Sources */ = {isa = PBXBuildFile; fileRef = E781F2242881FB5A00484C28 /* AlbumCVC.swift */; };
		E781F2272882A77500484C28 /* SectionHeader.swift in Sources */ = {isa = PBXBuildFile; fileRef = E781F2262882A77500484C28 /* SectionHeader.swift */; };
		E7D60FFF287EC821000720D4 /* ListCVC.swift in Sources */ = {isa = PBXBuildFile; fileRef = E7D60FFE287EC821000720D4 /* ListCVC.swift */; };
/* End PBXBuildFile section */

/* Begin PBXFileReference section */
		4D13A65A28829FF000197D2A /* MumentHistoryVC.swift */ = {isa = PBXFileReference; lastKnownFileType = sourcecode.swift; path = MumentHistoryVC.swift; sourceTree = "<group>"; };
		4D13A65C2882A42000197D2A /* MumentHistoryTVHeader.swift */ = {isa = PBXFileReference; lastKnownFileType = sourcecode.swift; path = MumentHistoryTVHeader.swift; sourceTree = "<group>"; };
		4D13A65E2882AF1B00197D2A /* OrderingButton.swift */ = {isa = PBXFileReference; lastKnownFileType = sourcecode.swift; path = OrderingButton.swift; sourceTree = "<group>"; };
		4D13A6602886A87400197D2A /* SongInfoTVC.swift */ = {isa = PBXFileReference; lastKnownFileType = sourcecode.swift; path = SongInfoTVC.swift; sourceTree = "<group>"; };
		4D2BADC92880334C004A7E00 /* MumentsByTagCVC.swift */ = {isa = PBXFileReference; lastKnownFileType = sourcecode.swift; path = MumentsByTagCVC.swift; sourceTree = "<group>"; };
		4D2BADCB288033E0004A7E00 /* MumentsByTagModel.swift */ = {isa = PBXFileReference; lastKnownFileType = sourcecode.swift; path = MumentsByTagModel.swift; sourceTree = "<group>"; };
		4D2BADCD2880459F004A7E00 /* MumentsByTagTitleModel.swift */ = {isa = PBXFileReference; lastKnownFileType = sourcecode.swift; path = MumentsByTagTitleModel.swift; sourceTree = "<group>"; };
		4D2BADCF28806A75004A7E00 /* SongDetailVC.swift */ = {isa = PBXFileReference; lastKnownFileType = sourcecode.swift; path = SongDetailVC.swift; sourceTree = "<group>"; };
		4D2BADD228806C08004A7E00 /* MumentCardBySongTVC.swift */ = {isa = PBXFileReference; lastKnownFileType = sourcecode.swift; path = MumentCardBySongTVC.swift; sourceTree = "<group>"; };
		4D2BADD428806C10004A7E00 /* MumentCardBySongModel.swift */ = {isa = PBXFileReference; lastKnownFileType = sourcecode.swift; path = MumentCardBySongModel.swift; sourceTree = "<group>"; };
		4D2BADD628806E15004A7E00 /* SongDetailTVC.swift */ = {isa = PBXFileReference; lastKnownFileType = sourcecode.swift; path = SongDetailTVC.swift; sourceTree = "<group>"; };
		4D4C8657287BCD3D00D972AF /* CarouselCVC.swift */ = {isa = PBXFileReference; lastKnownFileType = sourcecode.swift; path = CarouselCVC.swift; sourceTree = "<group>"; };
		4D64A9E7287D810000450FCA /* MumentCardWithoutHeartView.swift */ = {isa = PBXFileReference; lastKnownFileType = sourcecode.swift; path = MumentCardWithoutHeartView.swift; sourceTree = "<group>"; };
		4D64A9E9287D885A00450FCA /* DefaultTagView.swift */ = {isa = PBXFileReference; lastKnownFileType = sourcecode.swift; path = DefaultTagView.swift; sourceTree = "<group>"; };
		4D64A9EC287DD95A00450FCA /* DefaultMumentCardModel.swift */ = {isa = PBXFileReference; lastKnownFileType = sourcecode.swift; path = DefaultMumentCardModel.swift; sourceTree = "<group>"; };
		4D64A9EE287DEC1800450FCA /* DefaultMumentCardView.swift */ = {isa = PBXFileReference; lastKnownFileType = sourcecode.swift; path = DefaultMumentCardView.swift; sourceTree = "<group>"; };
		4D64A9F0287DEEC900450FCA /* MumentCardWithoutHeartModel.swift */ = {isa = PBXFileReference; lastKnownFileType = sourcecode.swift; path = MumentCardWithoutHeartModel.swift; sourceTree = "<group>"; };
		4D696CE8287975740060CE41 /* HomeTVHeader.swift */ = {isa = PBXFileReference; lastKnownFileType = sourcecode.swift; path = HomeTVHeader.swift; sourceTree = "<group>"; };
		4D696CEA287975800060CE41 /* CarouselTVC.swift */ = {isa = PBXFileReference; lastKnownFileType = sourcecode.swift; path = CarouselTVC.swift; sourceTree = "<group>"; };
		4D696CEE287978360060CE41 /* MumentsOfRevisitedTVC.swift */ = {isa = PBXFileReference; lastKnownFileType = sourcecode.swift; path = MumentsOfRevisitedTVC.swift; sourceTree = "<group>"; };
		4D696CF02879784C0060CE41 /* MumentsByTagTVC.swift */ = {isa = PBXFileReference; lastKnownFileType = sourcecode.swift; path = MumentsByTagTVC.swift; sourceTree = "<group>"; };
		4D696CF2287978630060CE41 /* MumentForTodayTVC.swift */ = {isa = PBXFileReference; lastKnownFileType = sourcecode.swift; path = MumentForTodayTVC.swift; sourceTree = "<group>"; };
		4D76045128808CFA0044F2A6 /* SongDetailInfoModel.swift */ = {isa = PBXFileReference; lastKnownFileType = sourcecode.swift; path = SongDetailInfoModel.swift; sourceTree = "<group>"; };
		4D760453288093280044F2A6 /* DefaultNavigationBar.swift */ = {isa = PBXFileReference; lastKnownFileType = sourcecode.swift; path = DefaultNavigationBar.swift; sourceTree = "<group>"; };
		4D7604592880AC840044F2A6 /* MumentDetailVC.swift */ = {isa = PBXFileReference; lastKnownFileType = sourcecode.swift; path = MumentDetailVC.swift; sourceTree = "<group>"; };
		4D76045B2880ACB40044F2A6 /* DetailMumentCardView.swift */ = {isa = PBXFileReference; lastKnownFileType = sourcecode.swift; path = DetailMumentCardView.swift; sourceTree = "<group>"; };
		4D7604602880ADB60044F2A6 /* DetailSongInfoView.swift */ = {isa = PBXFileReference; lastKnownFileType = sourcecode.swift; path = DetailSongInfoView.swift; sourceTree = "<group>"; };
		4D7604652880C8ED0044F2A6 /* MumentDetailVCModel.swift */ = {isa = PBXFileReference; lastKnownFileType = sourcecode.swift; path = MumentDetailVCModel.swift; sourceTree = "<group>"; };
		4D76046728814A8A0044F2A6 /* MyMumentSectionHeader.swift */ = {isa = PBXFileReference; lastKnownFileType = sourcecode.swift; path = MyMumentSectionHeader.swift; sourceTree = "<group>"; };
		4D76046928814A9A0044F2A6 /* AllMumentsSectionHeader.swift */ = {isa = PBXFileReference; lastKnownFileType = sourcecode.swift; path = AllMumentsSectionHeader.swift; sourceTree = "<group>"; };
		4D76046D2881860C0044F2A6 /* MumentCardBySongView.swift */ = {isa = PBXFileReference; lastKnownFileType = sourcecode.swift; path = MumentCardBySongView.swift; sourceTree = "<group>"; };
		4D9734EC287EB022003EF546 /* MumentsOfRevisitedCVC.swift */ = {isa = PBXFileReference; lastKnownFileType = sourcecode.swift; path = MumentsOfRevisitedCVC.swift; sourceTree = "<group>"; };
		4D9734EE287EC748003EF546 /* MumentsOfRevisitedModel.swift */ = {isa = PBXFileReference; lastKnownFileType = sourcecode.swift; path = MumentsOfRevisitedModel.swift; sourceTree = "<group>"; };
		4D9734F2287F3A41003EF546 /* Preview.swift */ = {isa = PBXFileReference; lastKnownFileType = sourcecode.swift; path = Preview.swift; sourceTree = "<group>"; };
		4DF61684287C43CC00ECC421 /* UITableViewCell+.swift */ = {isa = PBXFileReference; lastKnownFileType = sourcecode.swift; path = "UITableViewCell+.swift"; sourceTree = "<group>"; };
		C71B47E628807B64001A7CD6 /* SearchVC.swift */ = {isa = PBXFileReference; lastKnownFileType = sourcecode.swift; path = SearchVC.swift; sourceTree = "<group>"; };
		C71B47EA288164CA001A7CD6 /* MusicForSearchModel.swift */ = {isa = PBXFileReference; lastKnownFileType = sourcecode.swift; path = MusicForSearchModel.swift; sourceTree = "<group>"; };
		C71B47EC28818B21001A7CD6 /* SearchTVC.swift */ = {isa = PBXFileReference; lastKnownFileType = sourcecode.swift; path = SearchTVC.swift; sourceTree = "<group>"; };
		C71B47EE2881A11E001A7CD6 /* UIImageView+.swift */ = {isa = PBXFileReference; lastKnownFileType = sourcecode.swift; path = "UIImageView+.swift"; sourceTree = "<group>"; };
		C71B47F02881A14F001A7CD6 /* ImageCacheManager.swift */ = {isa = PBXFileReference; lastKnownFileType = sourcecode.swift; path = ImageCacheManager.swift; sourceTree = "<group>"; };
		C71B47F22881A44B001A7CD6 /* RecentSearchTVC.swift */ = {isa = PBXFileReference; lastKnownFileType = sourcecode.swift; path = RecentSearchTVC.swift; sourceTree = "<group>"; };
		C71B47F42881A7C6001A7CD6 /* RecentSearchEmptyView.swift */ = {isa = PBXFileReference; lastKnownFileType = sourcecode.swift; path = RecentSearchEmptyView.swift; sourceTree = "<group>"; };
		C71B47F62882A612001A7CD6 /* SearchTVType.swift */ = {isa = PBXFileReference; lastKnownFileType = sourcecode.swift; path = SearchTVType.swift; sourceTree = "<group>"; };
		C71B47F82882ACF1001A7CD6 /* SearchResultEmptyView.swift */ = {isa = PBXFileReference; lastKnownFileType = sourcecode.swift; path = SearchResultEmptyView.swift; sourceTree = "<group>"; };
		C71B47FB2884369C001A7CD6 /* MumentAlertWithButtons.swift */ = {isa = PBXFileReference; lastKnownFileType = sourcecode.swift; path = MumentAlertWithButtons.swift; sourceTree = "<group>"; };
		C71B47FE288450FD001A7CD6 /* MumentAlertTitleType.swift */ = {isa = PBXFileReference; lastKnownFileType = sourcecode.swift; path = MumentAlertTitleType.swift; sourceTree = "<group>"; };
		C71B48002884951C001A7CD6 /* LeftAlignedCollectionViewFlowLayout.swift */ = {isa = PBXFileReference; lastKnownFileType = sourcecode.swift; path = LeftAlignedCollectionViewFlowLayout.swift; sourceTree = "<group>"; };
		C71B480228854CD2001A7CD6 /* AlignmentLayout.swift */ = {isa = PBXFileReference; lastKnownFileType = sourcecode.swift; path = AlignmentLayout.swift; sourceTree = "<group>"; };
		C71B48042885641C001A7CD6 /* NewAlignedCollectionViewLayout.swift */ = {isa = PBXFileReference; lastKnownFileType = sourcecode.swift; path = NewAlignedCollectionViewLayout.swift; sourceTree = "<group>"; };
		C71B4806288597ED001A7CD6 /* SearchBottomSheetVC.swift */ = {isa = PBXFileReference; lastKnownFileType = sourcecode.swift; path = SearchBottomSheetVC.swift; sourceTree = "<group>"; };
		C71B48082885A877001A7CD6 /* SearchForWriteView.swift */ = {isa = PBXFileReference; lastKnownFileType = sourcecode.swift; path = SearchForWriteView.swift; sourceTree = "<group>"; };
		C71B480A2885D6B3001A7CD6 /* WriteMusicView.swift */ = {isa = PBXFileReference; lastKnownFileType = sourcecode.swift; path = WriteMusicView.swift; sourceTree = "<group>"; };
		C71B480C2885EB84001A7CD6 /* Notification+Name+.swift */ = {isa = PBXFileReference; lastKnownFileType = sourcecode.swift; path = "Notification+Name+.swift"; sourceTree = "<group>"; };
		C71B48192886F5FF001A7CD6 /* Int+.swift */ = {isa = PBXFileReference; lastKnownFileType = sourcecode.swift; path = "Int+.swift"; sourceTree = "<group>"; };
		C71B48112886DD29001A7CD6 /* SignInBodyModel.swift */ = {isa = PBXFileReference; lastKnownFileType = sourcecode.swift; path = SignInBodyModel.swift; sourceTree = "<group>"; };
		C71B48132886DD8E001A7CD6 /* SignAPI.swift */ = {isa = PBXFileReference; lastKnownFileType = sourcecode.swift; path = SignAPI.swift; sourceTree = "<group>"; };
		C71B48152886E5DF001A7CD6 /* SignInVC.swift */ = {isa = PBXFileReference; lastKnownFileType = sourcecode.swift; path = SignInVC.swift; sourceTree = "<group>"; };
		C71B48172886E7BA001A7CD6 /* SignInDataModel.swift */ = {isa = PBXFileReference; lastKnownFileType = sourcecode.swift; path = SignInDataModel.swift; sourceTree = "<group>"; };
		C73FC9B3287AEA510017F2DA /* MumentCompleteButton.swift */ = {isa = PBXFileReference; lastKnownFileType = sourcecode.swift; path = MumentCompleteButton.swift; sourceTree = "<group>"; };
		C73FC9BF287C19A40017F2DA /* TargetType.swift */ = {isa = PBXFileReference; lastKnownFileType = sourcecode.swift; path = TargetType.swift; sourceTree = "<group>"; };
		C73FC9C1287C19B00017F2DA /* NetworkResult.swift */ = {isa = PBXFileReference; lastKnownFileType = sourcecode.swift; path = NetworkResult.swift; sourceTree = "<group>"; };
		C73FC9C3287C19CD0017F2DA /* APIConstants.swift */ = {isa = PBXFileReference; lastKnownFileType = sourcecode.swift; path = APIConstants.swift; sourceTree = "<group>"; };
		C73FC9C5287C19D30017F2DA /* GenericResponse.swift */ = {isa = PBXFileReference; lastKnownFileType = sourcecode.swift; path = GenericResponse.swift; sourceTree = "<group>"; };
		C73FC9C7287C19DA0017F2DA /* NetworkConstants.swift */ = {isa = PBXFileReference; lastKnownFileType = sourcecode.swift; path = NetworkConstants.swift; sourceTree = "<group>"; };
		C73FC9C9287C19E60017F2DA /* SignService.swift */ = {isa = PBXFileReference; lastKnownFileType = sourcecode.swift; path = SignService.swift; sourceTree = "<group>"; };
		C73FC9CB287C19EC0017F2DA /* BaseAPI.swift */ = {isa = PBXFileReference; lastKnownFileType = sourcecode.swift; path = BaseAPI.swift; sourceTree = "<group>"; };
		C73FC9CD287C19F40017F2DA /* EventLogger.swift */ = {isa = PBXFileReference; lastKnownFileType = sourcecode.swift; path = EventLogger.swift; sourceTree = "<group>"; };
		C73FC9CF287C21590017F2DA /* WriteTagCVC.swift */ = {isa = PBXFileReference; lastKnownFileType = sourcecode.swift; path = WriteTagCVC.swift; sourceTree = "<group>"; };
		C74EC41628758D220068EB46 /* MUMENT.app */ = {isa = PBXFileReference; explicitFileType = wrapper.application; includeInIndex = 0; path = MUMENT.app; sourceTree = BUILT_PRODUCTS_DIR; };
		C74EC41928758D220068EB46 /* AppDelegate.swift */ = {isa = PBXFileReference; lastKnownFileType = sourcecode.swift; path = AppDelegate.swift; sourceTree = "<group>"; };
		C74EC41B28758D220068EB46 /* SceneDelegate.swift */ = {isa = PBXFileReference; lastKnownFileType = sourcecode.swift; path = SceneDelegate.swift; sourceTree = "<group>"; };
		C74EC42228758D230068EB46 /* Assets.xcassets */ = {isa = PBXFileReference; lastKnownFileType = folder.assetcatalog; path = Assets.xcassets; sourceTree = "<group>"; };
		C74EC42528758D230068EB46 /* Base */ = {isa = PBXFileReference; lastKnownFileType = file.storyboard; name = Base; path = Base.lproj/LaunchScreen.storyboard; sourceTree = "<group>"; };
		C74EC42728758D230068EB46 /* Info.plist */ = {isa = PBXFileReference; lastKnownFileType = text.plist.xml; path = Info.plist; sourceTree = "<group>"; };
		C74EC434287592750068EB46 /* Colorsets.xcassets */ = {isa = PBXFileReference; lastKnownFileType = folder.assetcatalog; path = Colorsets.xcassets; sourceTree = "<group>"; };
		C74EC437287593110068EB46 /* UIColor+.swift */ = {isa = PBXFileReference; lastKnownFileType = sourcecode.swift; path = "UIColor+.swift"; sourceTree = "<group>"; };
		C7BB52FF2875960800E0E889 /* UIFont+.swift */ = {isa = PBXFileReference; lastKnownFileType = sourcecode.swift; path = "UIFont+.swift"; sourceTree = "<group>"; };
		C7BB53042875973800E0E889 /* NotoSans-SemiBold.ttf */ = {isa = PBXFileReference; lastKnownFileType = file; path = "NotoSans-SemiBold.ttf"; sourceTree = "<group>"; };
		C7BB53052875973800E0E889 /* NotoSans-Bold.ttf */ = {isa = PBXFileReference; lastKnownFileType = file; path = "NotoSans-Bold.ttf"; sourceTree = "<group>"; };
		C7BB53062875973800E0E889 /* NotoSans-Medium.ttf */ = {isa = PBXFileReference; lastKnownFileType = file; path = "NotoSans-Medium.ttf"; sourceTree = "<group>"; };
		C7BB53072875973800E0E889 /* NotoSans-Regular.ttf */ = {isa = PBXFileReference; lastKnownFileType = file; path = "NotoSans-Regular.ttf"; sourceTree = "<group>"; };
		C7BB530F2875990700E0E889 /* BaseVC.swift */ = {isa = PBXFileReference; lastKnownFileType = sourcecode.swift; path = BaseVC.swift; sourceTree = "<group>"; };
		C7BB53112875994500E0E889 /* UIViewController+.swift */ = {isa = PBXFileReference; lastKnownFileType = sourcecode.swift; path = "UIViewController+.swift"; sourceTree = "<group>"; };
		C7BB531328759AB200E0E889 /* Adjusted+.swift */ = {isa = PBXFileReference; lastKnownFileType = sourcecode.swift; path = "Adjusted+.swift"; sourceTree = "<group>"; };
		C7BB531528759BBD00E0E889 /* MumentTabBarController.swift */ = {isa = PBXFileReference; lastKnownFileType = sourcecode.swift; path = MumentTabBarController.swift; sourceTree = "<group>"; };
		C7BB531728759CF000E0E889 /* UITabBar+.swift */ = {isa = PBXFileReference; lastKnownFileType = sourcecode.swift; path = "UITabBar+.swift"; sourceTree = "<group>"; };
		C7BB531928759DE500E0E889 /* HomeVC.swift */ = {isa = PBXFileReference; lastKnownFileType = sourcecode.swift; path = HomeVC.swift; sourceTree = "<group>"; };
		C7BB531B28759E0200E0E889 /* WriteVC.swift */ = {isa = PBXFileReference; lastKnownFileType = sourcecode.swift; path = WriteVC.swift; sourceTree = "<group>"; };
		C7BB531D28759E6500E0E889 /* StorageVC.swift */ = {isa = PBXFileReference; lastKnownFileType = sourcecode.swift; path = StorageVC.swift; sourceTree = "<group>"; };
		C7BC6B502876AD8C008C75CE /* DefaultNavigationView.swift */ = {isa = PBXFileReference; lastKnownFileType = sourcecode.swift; path = DefaultNavigationView.swift; sourceTree = "<group>"; };
		C7BC6B552876ADCD008C75CE /* CarouselModel.swift */ = {isa = PBXFileReference; lastKnownFileType = sourcecode.swift; path = CarouselModel.swift; sourceTree = "<group>"; };
		C7BC6B572876ADD6008C75CE /* ww.swift */ = {isa = PBXFileReference; lastKnownFileType = sourcecode.swift; path = ww.swift; sourceTree = "<group>"; };
		C7BC6B592876ADDD008C75CE /* ss.swift */ = {isa = PBXFileReference; lastKnownFileType = sourcecode.swift; path = ss.swift; sourceTree = "<group>"; };
		C7BC6B5B287708D1008C75CE /* BaseNVC.swift */ = {isa = PBXFileReference; lastKnownFileType = sourcecode.swift; path = BaseNVC.swift; sourceTree = "<group>"; };
		C7BC6B5D28770902008C75CE /* NSObject+.swift */ = {isa = PBXFileReference; lastKnownFileType = sourcecode.swift; path = "NSObject+.swift"; sourceTree = "<group>"; };
		C7BC6B5F28770FB6008C75CE /* UILabel+.swift */ = {isa = PBXFileReference; lastKnownFileType = sourcecode.swift; path = "UILabel+.swift"; sourceTree = "<group>"; };
		C7BC6B6128771020008C75CE /* UICollectionView+.swift */ = {isa = PBXFileReference; lastKnownFileType = sourcecode.swift; path = "UICollectionView+.swift"; sourceTree = "<group>"; };
		C7BC6B6328771042008C75CE /* UITableVIew+.swift */ = {isa = PBXFileReference; lastKnownFileType = sourcecode.swift; path = "UITableVIew+.swift"; sourceTree = "<group>"; };
		C7BC6B6528771056008C75CE /* UITextField+.swift */ = {isa = PBXFileReference; lastKnownFileType = sourcecode.swift; path = "UITextField+.swift"; sourceTree = "<group>"; };
		C7BC6B67287710BA008C75CE /* UIView+.swift */ = {isa = PBXFileReference; lastKnownFileType = sourcecode.swift; path = "UIView+.swift"; sourceTree = "<group>"; };
		C7BC6B69287710D6008C75CE /* UIButton+.swift */ = {isa = PBXFileReference; lastKnownFileType = sourcecode.swift; path = "UIButton+.swift"; sourceTree = "<group>"; };
		C7BC6B6B287710F9008C75CE /* String+.swift */ = {isa = PBXFileReference; lastKnownFileType = sourcecode.swift; path = "String+.swift"; sourceTree = "<group>"; };
		C7BC6B6D28771152008C75CE /* UserDefaults+.swift */ = {isa = PBXFileReference; lastKnownFileType = sourcecode.swift; path = "UserDefaults+.swift"; sourceTree = "<group>"; };
		C7BC6B6F28771184008C75CE /* UIStackView+.swift */ = {isa = PBXFileReference; lastKnownFileType = sourcecode.swift; path = "UIStackView+.swift"; sourceTree = "<group>"; };
		C7BC6B712877ECA0008C75CE /* CALayer+.swift */ = {isa = PBXFileReference; lastKnownFileType = sourcecode.swift; path = "CALayer+.swift"; sourceTree = "<group>"; };
		E781F218288052DF00484C28 /* MyMumentVC.swift */ = {isa = PBXFileReference; lastKnownFileType = sourcecode.swift; path = MyMumentVC.swift; sourceTree = "<group>"; };
		E781F21A288052ED00484C28 /* LikedMumentVC.swift */ = {isa = PBXFileReference; lastKnownFileType = sourcecode.swift; path = LikedMumentVC.swift; sourceTree = "<group>"; };
		E781F2222881BC0800484C28 /* CellCategory.swift */ = {isa = PBXFileReference; lastKnownFileType = sourcecode.swift; path = CellCategory.swift; sourceTree = "<group>"; };
		E781F2242881FB5A00484C28 /* AlbumCVC.swift */ = {isa = PBXFileReference; lastKnownFileType = sourcecode.swift; path = AlbumCVC.swift; sourceTree = "<group>"; };
		E781F2262882A77500484C28 /* SectionHeader.swift */ = {isa = PBXFileReference; lastKnownFileType = sourcecode.swift; path = SectionHeader.swift; sourceTree = "<group>"; };
		E7D60FFE287EC821000720D4 /* ListCVC.swift */ = {isa = PBXFileReference; lastKnownFileType = sourcecode.swift; path = ListCVC.swift; sourceTree = "<group>"; };
/* End PBXFileReference section */

/* Begin PBXFrameworksBuildPhase section */
		C74EC41328758D220068EB46 /* Frameworks */ = {
			isa = PBXFrameworksBuildPhase;
			buildActionMask = 2147483647;
			files = (
				C74EC447287593BF0068EB46 /* RxSwift in Frameworks */,
				C74EC44C287594270068EB46 /* Alamofire in Frameworks */,
				C74EC445287593BF0068EB46 /* RxRelay in Frameworks */,
				C74EC43B287593910068EB46 /* SnapKit in Frameworks */,
				C74EC441287593BF0068EB46 /* RxBlocking in Frameworks */,
				C74EC443287593BF0068EB46 /* RxCocoa in Frameworks */,
				C74EC43E2875939F0068EB46 /* Then in Frameworks */,
			);
			runOnlyForDeploymentPostprocessing = 0;
		};
/* End PBXFrameworksBuildPhase section */

/* Begin PBXGroup section */
		4D13A65928829FB500197D2A /* MumentHistory */ = {
			isa = PBXGroup;
			children = (
				4D13A65A28829FF000197D2A /* MumentHistoryVC.swift */,
				4D13A65C2882A42000197D2A /* MumentHistoryTVHeader.swift */,
			);
			path = MumentHistory;
			sourceTree = "<group>";
		};
		4D76045D2880ACC60044F2A6 /* DetailMumentCard */ = {
			isa = PBXGroup;
			children = (
				4D76045B2880ACB40044F2A6 /* DetailMumentCardView.swift */,
			);
			path = DetailMumentCard;
			sourceTree = "<group>";
		};
		4D7604622880B94B0044F2A6 /* Main */ = {
			isa = PBXGroup;
			children = (
				C7BB531928759DE500E0E889 /* HomeVC.swift */,
				4D696CE8287975740060CE41 /* HomeTVHeader.swift */,
				4D696CEA287975800060CE41 /* CarouselTVC.swift */,
				4D4C8657287BCD3D00D972AF /* CarouselCVC.swift */,
				4D696CF2287978630060CE41 /* MumentForTodayTVC.swift */,
				4D696CEE287978360060CE41 /* MumentsOfRevisitedTVC.swift */,
				4D9734EC287EB022003EF546 /* MumentsOfRevisitedCVC.swift */,
				4D696CF02879784C0060CE41 /* MumentsByTagTVC.swift */,
				4D2BADC92880334C004A7E00 /* MumentsByTagCVC.swift */,
			);
			path = Main;
			sourceTree = "<group>";
		};
		4D7604632880BA0C0044F2A6 /* SongDetail */ = {
			isa = PBXGroup;
			children = (
				4D2BADCF28806A75004A7E00 /* SongDetailVC.swift */,
				4D13A6602886A87400197D2A /* SongInfoTVC.swift */,
				4D76046728814A8A0044F2A6 /* MyMumentSectionHeader.swift */,
				4D76046928814A9A0044F2A6 /* AllMumentsSectionHeader.swift */,
				4D2BADD628806E15004A7E00 /* SongDetailTVC.swift */,
			);
			path = SongDetail;
			sourceTree = "<group>";
		};
		4D7604642880BA120044F2A6 /* MumentDetail */ = {
			isa = PBXGroup;
			children = (
				4D7604592880AC840044F2A6 /* MumentDetailVC.swift */,
				4D7604602880ADB60044F2A6 /* DetailSongInfoView.swift */,
			);
			path = MumentDetail;
			sourceTree = "<group>";
		};
		4D9734F0287ECE1B003EF546 /* DefaultMumentCard */ = {
			isa = PBXGroup;
			children = (
				4D64A9EE287DEC1800450FCA /* DefaultMumentCardView.swift */,
				4D64A9EC287DD95A00450FCA /* DefaultMumentCardModel.swift */,
			);
			path = DefaultMumentCard;
			sourceTree = "<group>";
		};
		4D9734F1287ECE29003EF546 /* MumentCardWithoutHeart */ = {
			isa = PBXGroup;
			children = (
				4D64A9E7287D810000450FCA /* MumentCardWithoutHeartView.swift */,
				4D64A9F0287DEEC900450FCA /* MumentCardWithoutHeartModel.swift */,
			);
			path = MumentCardWithoutHeart;
			sourceTree = "<group>";
		};
		C71B47E528807B56001A7CD6 /* Search */ = {
			isa = PBXGroup;
			children = (
				C71B47FA2882ACF7001A7CD6 /* EmptyView */,
				C71B47E9288164A6001A7CD6 /* Models */,
				C71B47E628807B64001A7CD6 /* SearchVC.swift */,
				C71B47EC28818B21001A7CD6 /* SearchTVC.swift */,
				C71B47F22881A44B001A7CD6 /* RecentSearchTVC.swift */,
				C71B47F62882A612001A7CD6 /* SearchTVType.swift */,
			);
			path = Search;
			sourceTree = "<group>";
		};
		C71B47E9288164A6001A7CD6 /* Models */ = {
			isa = PBXGroup;
			children = (
				C71B47EA288164CA001A7CD6 /* MusicForSearchModel.swift */,
			);
			path = Models;
			sourceTree = "<group>";
		};
		C71B47FA2882ACF7001A7CD6 /* EmptyView */ = {
			isa = PBXGroup;
			children = (
				C71B47F42881A7C6001A7CD6 /* RecentSearchEmptyView.swift */,
				C71B47F82882ACF1001A7CD6 /* SearchResultEmptyView.swift */,
			);
			path = EmptyView;
			sourceTree = "<group>";
		};
		C71B47FD28843D4D001A7CD6 /* MumentAlertWithButtons */ = {
			isa = PBXGroup;
			children = (
				C71B47FB2884369C001A7CD6 /* MumentAlertWithButtons.swift */,
				C71B47FE288450FD001A7CD6 /* MumentAlertTitleType.swift */,
			);
			path = MumentAlertWithButtons;
			sourceTree = "<group>";
		};
		C71B480F2886DD1C001A7CD6 /* SignIn */ = {
			isa = PBXGroup;
			children = (
				C71B48102886DD22001A7CD6 /* Model */,
				C71B48152886E5DF001A7CD6 /* SignInVC.swift */,
			);
			path = SignIn;
			sourceTree = "<group>";
		};
		C71B48102886DD22001A7CD6 /* Model */ = {
			isa = PBXGroup;
			children = (
				C71B48112886DD29001A7CD6 /* SignInBodyModel.swift */,
				C71B48172886E7BA001A7CD6 /* SignInDataModel.swift */,
			);
			path = Model;
			sourceTree = "<group>";
		};
		C73FC9BA287C193A0017F2DA /* Network */ = {
			isa = PBXGroup;
			children = (
				C73FC9BB287C194B0017F2DA /* Bases */,
				C73FC9BE287C195C0017F2DA /* APIEssentials */,
				C73FC9BD287C19560017F2DA /* Services */,
				C73FC9BC287C19510017F2DA /* APIManagers */,
				C73FC9CD287C19F40017F2DA /* EventLogger.swift */,
				C71B47F02881A14F001A7CD6 /* ImageCacheManager.swift */,
			);
			path = Network;
			sourceTree = "<group>";
		};
		C73FC9BB287C194B0017F2DA /* Bases */ = {
			isa = PBXGroup;
			children = (
				C73FC9BF287C19A40017F2DA /* TargetType.swift */,
				C73FC9C1287C19B00017F2DA /* NetworkResult.swift */,
			);
			path = Bases;
			sourceTree = "<group>";
		};
		C73FC9BC287C19510017F2DA /* APIManagers */ = {
			isa = PBXGroup;
			children = (
				C73FC9CB287C19EC0017F2DA /* BaseAPI.swift */,
				C71B48132886DD8E001A7CD6 /* SignAPI.swift */,
			);
			path = APIManagers;
			sourceTree = "<group>";
		};
		C73FC9BD287C19560017F2DA /* Services */ = {
			isa = PBXGroup;
			children = (
				C73FC9C9287C19E60017F2DA /* SignService.swift */,
			);
			path = Services;
			sourceTree = "<group>";
		};
		C73FC9BE287C195C0017F2DA /* APIEssentials */ = {
			isa = PBXGroup;
			children = (
				C73FC9C3287C19CD0017F2DA /* APIConstants.swift */,
				C73FC9C5287C19D30017F2DA /* GenericResponse.swift */,
				C73FC9C7287C19DA0017F2DA /* NetworkConstants.swift */,
			);
			path = APIEssentials;
			sourceTree = "<group>";
		};
		C74EC40D28758D220068EB46 = {
			isa = PBXGroup;
			children = (
				C74EC41828758D220068EB46 /* MUMENT */,
				C74EC41728758D220068EB46 /* Products */,
			);
			sourceTree = "<group>";
		};
		C74EC41728758D220068EB46 /* Products */ = {
			isa = PBXGroup;
			children = (
				C74EC41628758D220068EB46 /* MUMENT.app */,
			);
			name = Products;
			sourceTree = "<group>";
		};
		C74EC41828758D220068EB46 /* MUMENT */ = {
			isa = PBXGroup;
			children = (
				C74EC42728758D230068EB46 /* Info.plist */,
				C7BC6B4C2876ACD9008C75CE /* Global */,
				C73FC9BA287C193A0017F2DA /* Network */,
				C7BC6B4A2876ACC5008C75CE /* Resources */,
				C7BC6B4B2876ACD1008C75CE /* Sources */,
				C7BC6B4D2876ACE0008C75CE /* Application */,
			);
			path = MUMENT;
			sourceTree = "<group>";
		};
		C74EC436287593030068EB46 /* Extensions */ = {
			isa = PBXGroup;
			children = (
				C74EC437287593110068EB46 /* UIColor+.swift */,
				C7BB52FF2875960800E0E889 /* UIFont+.swift */,
				C7BB53112875994500E0E889 /* UIViewController+.swift */,
				C7BB531328759AB200E0E889 /* Adjusted+.swift */,
				C7BB531728759CF000E0E889 /* UITabBar+.swift */,
				C7BC6B5D28770902008C75CE /* NSObject+.swift */,
				C7BC6B5F28770FB6008C75CE /* UILabel+.swift */,
				C7BC6B6128771020008C75CE /* UICollectionView+.swift */,
				4DF61684287C43CC00ECC421 /* UITableViewCell+.swift */,
				C7BC6B6328771042008C75CE /* UITableVIew+.swift */,
				C7BC6B6528771056008C75CE /* UITextField+.swift */,
				C7BC6B67287710BA008C75CE /* UIView+.swift */,
				C7BC6B69287710D6008C75CE /* UIButton+.swift */,
				C7BC6B6B287710F9008C75CE /* String+.swift */,
				C7BC6B6D28771152008C75CE /* UserDefaults+.swift */,
				C7BC6B6F28771184008C75CE /* UIStackView+.swift */,
				C7BC6B712877ECA0008C75CE /* CALayer+.swift */,
				C71B47EE2881A11E001A7CD6 /* UIImageView+.swift */,
				C71B480C2885EB84001A7CD6 /* Notification+Name+.swift */,
				C71B48192886F5FF001A7CD6 /* Int+.swift */,
			);
			path = Extensions;
			sourceTree = "<group>";
		};
		C7BB53032875972700E0E889 /* Fonts */ = {
			isa = PBXGroup;
			children = (
				C7BB53052875973800E0E889 /* NotoSans-Bold.ttf */,
				C7BB53062875973800E0E889 /* NotoSans-Medium.ttf */,
				C7BB53072875973800E0E889 /* NotoSans-Regular.ttf */,
				C7BB53042875973800E0E889 /* NotoSans-SemiBold.ttf */,
			);
			path = Fonts;
			sourceTree = "<group>";
		};
		C7BB530E287598FF00E0E889 /* Base */ = {
			isa = PBXGroup;
			children = (
				C7BB530F2875990700E0E889 /* BaseVC.swift */,
				C7BC6B5B287708D1008C75CE /* BaseNVC.swift */,
			);
			path = Base;
			sourceTree = "<group>";
		};
		C7BB531F2875A06800E0E889 /* Home */ = {
			isa = PBXGroup;
			children = (
				C7BC6B522876ADC0008C75CE /* Model */,
				4D7604622880B94B0044F2A6 /* Main */,
				4D7604632880BA0C0044F2A6 /* SongDetail */,
				4D7604642880BA120044F2A6 /* MumentDetail */,
				4D13A65928829FB500197D2A /* MumentHistory */,
			);
			path = Home;
			sourceTree = "<group>";
		};
		C7BB53202875A06F00E0E889 /* Write */ = {
			isa = PBXGroup;
			children = (
				C7BC6B532876ADC4008C75CE /* Model */,
				C7BB531B28759E0200E0E889 /* WriteVC.swift */,
				C73FC9CF287C21590017F2DA /* WriteTagCVC.swift */,
				C71B4806288597ED001A7CD6 /* SearchBottomSheetVC.swift */,
				C71B48082885A877001A7CD6 /* SearchForWriteView.swift */,
				C71B480A2885D6B3001A7CD6 /* WriteMusicView.swift */,
				C71B48002884951C001A7CD6 /* LeftAlignedCollectionViewFlowLayout.swift */,
				C71B480228854CD2001A7CD6 /* AlignmentLayout.swift */,
				C71B48042885641C001A7CD6 /* NewAlignedCollectionViewLayout.swift */,
			);
			path = Write;
			sourceTree = "<group>";
		};
		C7BB53222875A07A00E0E889 /* Storage */ = {
			isa = PBXGroup;
			children = (
				C7BC6B542876ADC8008C75CE /* Model */,
				C7BB531D28759E6500E0E889 /* StorageVC.swift */,
				E781F218288052DF00484C28 /* MyMumentVC.swift */,
				E781F21A288052ED00484C28 /* LikedMumentVC.swift */,
				E781F2262882A77500484C28 /* SectionHeader.swift */,
				E781F2222881BC0800484C28 /* CellCategory.swift */,
				E7D60FFE287EC821000720D4 /* ListCVC.swift */,
				E781F2242881FB5A00484C28 /* AlbumCVC.swift */,
			);
			path = Storage;
			sourceTree = "<group>";
		};
		C7BC6B4A2876ACC5008C75CE /* Resources */ = {
			isa = PBXGroup;
			children = (
				C7BB53032875972700E0E889 /* Fonts */,
				C74EC42228758D230068EB46 /* Assets.xcassets */,
				C74EC434287592750068EB46 /* Colorsets.xcassets */,
			);
			path = Resources;
			sourceTree = "<group>";
		};
		C7BC6B4B2876ACD1008C75CE /* Sources */ = {
			isa = PBXGroup;
			children = (
				C7BB531528759BBD00E0E889 /* MumentTabBarController.swift */,
				4D9734F2287F3A41003EF546 /* Preview.swift */,
				C7BC6B4E2876AD22008C75CE /* Components */,
				C7BC6B4F2876AD26008C75CE /* Scenes */,
			);
			path = Sources;
			sourceTree = "<group>";
		};
		C7BC6B4C2876ACD9008C75CE /* Global */ = {
			isa = PBXGroup;
			children = (
				C7BB530E287598FF00E0E889 /* Base */,
				C74EC436287593030068EB46 /* Extensions */,
			);
			path = Global;
			sourceTree = "<group>";
		};
		C7BC6B4D2876ACE0008C75CE /* Application */ = {
			isa = PBXGroup;
			children = (
				C74EC41928758D220068EB46 /* AppDelegate.swift */,
				C74EC41B28758D220068EB46 /* SceneDelegate.swift */,
			);
			path = Application;
			sourceTree = "<group>";
		};
		C7BC6B4E2876AD22008C75CE /* Components */ = {
			isa = PBXGroup;
			children = (
				C7BC6B502876AD8C008C75CE /* DefaultNavigationView.swift */,
				4D13A65E2882AF1B00197D2A /* OrderingButton.swift */,
				C73FC9B3287AEA510017F2DA /* MumentCompleteButton.swift */,
				4D76046D2881860C0044F2A6 /* MumentCardBySongView.swift */,
				4D2BADD228806C08004A7E00 /* MumentCardBySongTVC.swift */,
				4D760453288093280044F2A6 /* DefaultNavigationBar.swift */,
				C71B47FD28843D4D001A7CD6 /* MumentAlertWithButtons */,
				4D76045D2880ACC60044F2A6 /* DetailMumentCard */,
				4D9734F1287ECE29003EF546 /* MumentCardWithoutHeart */,
				4D9734F0287ECE1B003EF546 /* DefaultMumentCard */,
				4D64A9E9287D885A00450FCA /* DefaultTagView.swift */,
			);
			path = Components;
			sourceTree = "<group>";
		};
		C7BC6B4F2876AD26008C75CE /* Scenes */ = {
			isa = PBXGroup;
			children = (
				C71B480F2886DD1C001A7CD6 /* SignIn */,
				C71B47E528807B56001A7CD6 /* Search */,
				C74EC42428758D230068EB46 /* LaunchScreen.storyboard */,
				C7BB531F2875A06800E0E889 /* Home */,
				C7BB53202875A06F00E0E889 /* Write */,
				C7BB53222875A07A00E0E889 /* Storage */,
			);
			path = Scenes;
			sourceTree = "<group>";
		};
		C7BC6B522876ADC0008C75CE /* Model */ = {
			isa = PBXGroup;
			children = (
				4D2BADD428806C10004A7E00 /* MumentCardBySongModel.swift */,
				C7BC6B552876ADCD008C75CE /* CarouselModel.swift */,
				4D9734EE287EC748003EF546 /* MumentsOfRevisitedModel.swift */,
				4D2BADCB288033E0004A7E00 /* MumentsByTagModel.swift */,
				4D2BADCD2880459F004A7E00 /* MumentsByTagTitleModel.swift */,
				4D76045128808CFA0044F2A6 /* SongDetailInfoModel.swift */,
				4D7604652880C8ED0044F2A6 /* MumentDetailVCModel.swift */,
			);
			path = Model;
			sourceTree = "<group>";
		};
		C7BC6B532876ADC4008C75CE /* Model */ = {
			isa = PBXGroup;
			children = (
				C7BC6B572876ADD6008C75CE /* ww.swift */,
			);
			path = Model;
			sourceTree = "<group>";
		};
		C7BC6B542876ADC8008C75CE /* Model */ = {
			isa = PBXGroup;
			children = (
				C7BC6B592876ADDD008C75CE /* ss.swift */,
			);
			path = Model;
			sourceTree = "<group>";
		};
/* End PBXGroup section */

/* Begin PBXNativeTarget section */
		C74EC41528758D220068EB46 /* MUMENT */ = {
			isa = PBXNativeTarget;
			buildConfigurationList = C74EC42A28758D230068EB46 /* Build configuration list for PBXNativeTarget "MUMENT" */;
			buildPhases = (
				C74EC41228758D220068EB46 /* Sources */,
				C74EC41328758D220068EB46 /* Frameworks */,
				C74EC41428758D220068EB46 /* Resources */,
			);
			buildRules = (
			);
			dependencies = (
			);
			name = MUMENT;
			packageProductDependencies = (
				C74EC43A287593910068EB46 /* SnapKit */,
				C74EC43D2875939F0068EB46 /* Then */,
				C74EC440287593BF0068EB46 /* RxBlocking */,
				C74EC442287593BF0068EB46 /* RxCocoa */,
				C74EC444287593BF0068EB46 /* RxRelay */,
				C74EC446287593BF0068EB46 /* RxSwift */,
				C74EC44B287594270068EB46 /* Alamofire */,
			);
			productName = MUMENT;
			productReference = C74EC41628758D220068EB46 /* MUMENT.app */;
			productType = "com.apple.product-type.application";
		};
/* End PBXNativeTarget section */

/* Begin PBXProject section */
		C74EC40E28758D220068EB46 /* Project object */ = {
			isa = PBXProject;
			attributes = {
				BuildIndependentTargetsInParallel = 1;
				LastSwiftUpdateCheck = 1340;
				LastUpgradeCheck = 1340;
				TargetAttributes = {
					C74EC41528758D220068EB46 = {
						CreatedOnToolsVersion = 13.4.1;
					};
				};
			};
			buildConfigurationList = C74EC41128758D220068EB46 /* Build configuration list for PBXProject "MUMENT" */;
			compatibilityVersion = "Xcode 13.0";
			developmentRegion = ko;
			hasScannedForEncodings = 0;
			knownRegions = (
				ko,
				en,
				Base,
			);
			mainGroup = C74EC40D28758D220068EB46;
			packageReferences = (
				C74EC439287593910068EB46 /* XCRemoteSwiftPackageReference "SnapKit" */,
				C74EC43C2875939F0068EB46 /* XCRemoteSwiftPackageReference "Then" */,
				C74EC43F287593BF0068EB46 /* XCRemoteSwiftPackageReference "RxSwift" */,
				C74EC44A287594270068EB46 /* XCRemoteSwiftPackageReference "Alamofire" */,
			);
			productRefGroup = C74EC41728758D220068EB46 /* Products */;
			projectDirPath = "";
			projectRoot = "";
			targets = (
				C74EC41528758D220068EB46 /* MUMENT */,
			);
		};
/* End PBXProject section */

/* Begin PBXResourcesBuildPhase section */
		C74EC41428758D220068EB46 /* Resources */ = {
			isa = PBXResourcesBuildPhase;
			buildActionMask = 2147483647;
			files = (
				C7BB53092875973800E0E889 /* NotoSans-Bold.ttf in Resources */,
				C74EC435287592750068EB46 /* Colorsets.xcassets in Resources */,
				C7BB53082875973800E0E889 /* NotoSans-SemiBold.ttf in Resources */,
				C7BB530A2875973800E0E889 /* NotoSans-Medium.ttf in Resources */,
				C7BB530B2875973800E0E889 /* NotoSans-Regular.ttf in Resources */,
				C74EC42628758D230068EB46 /* LaunchScreen.storyboard in Resources */,
				C74EC42328758D230068EB46 /* Assets.xcassets in Resources */,
			);
			runOnlyForDeploymentPostprocessing = 0;
		};
/* End PBXResourcesBuildPhase section */

/* Begin PBXSourcesBuildPhase section */
		C74EC41228758D220068EB46 /* Sources */ = {
			isa = PBXSourcesBuildPhase;
			buildActionMask = 2147483647;
			files = (
				4D64A9F1287DEEC900450FCA /* MumentCardWithoutHeartModel.swift in Sources */,
				C73FC9C8287C19DA0017F2DA /* NetworkConstants.swift in Sources */,
				C71B480D2885EB84001A7CD6 /* Notification+Name+.swift in Sources */,
				C71B47FF288450FD001A7CD6 /* MumentAlertTitleType.swift in Sources */,
				4D2BADD028806A75004A7E00 /* SongDetailVC.swift in Sources */,
				C7BC6B582876ADD6008C75CE /* ww.swift in Sources */,
				C71B48012884951C001A7CD6 /* LeftAlignedCollectionViewFlowLayout.swift in Sources */,
				C71B481A2886F5FF001A7CD6 /* Int+.swift in Sources */,
				4D9734EF287EC748003EF546 /* MumentsOfRevisitedModel.swift in Sources */,
				C71B480B2885D6B3001A7CD6 /* WriteMusicView.swift in Sources */,
				C7BB53122875994500E0E889 /* UIViewController+.swift in Sources */,
				C7BC6B6E28771152008C75CE /* UserDefaults+.swift in Sources */,
				C73FC9C2287C19B00017F2DA /* NetworkResult.swift in Sources */,
				C7BB531428759AB200E0E889 /* Adjusted+.swift in Sources */,
				4D13A65F2882AF1B00197D2A /* OrderingButton.swift in Sources */,
				4D2BADD728806E15004A7E00 /* SongDetailTVC.swift in Sources */,
				C7BB531828759CF000E0E889 /* UITabBar+.swift in Sources */,
				C71B47EB288164CA001A7CD6 /* MusicForSearchModel.swift in Sources */,
				C71B47E728807B64001A7CD6 /* SearchVC.swift in Sources */,
				4D696CF12879784C0060CE41 /* MumentsByTagTVC.swift in Sources */,
				E781F2272882A77500484C28 /* SectionHeader.swift in Sources */,
				4D76046A28814A9A0044F2A6 /* AllMumentsSectionHeader.swift in Sources */,
				4D2BADCE2880459F004A7E00 /* MumentsByTagTitleModel.swift in Sources */,
				4D2BADCA2880334C004A7E00 /* MumentsByTagCVC.swift in Sources */,
				C7BB53102875990700E0E889 /* BaseVC.swift in Sources */,
				C71B47F72882A612001A7CD6 /* SearchTVType.swift in Sources */,
				C74EC438287593110068EB46 /* UIColor+.swift in Sources */,
				C7BC6B562876ADCD008C75CE /* CarouselModel.swift in Sources */,
				4DF61685287C43CC00ECC421 /* UITableViewCell+.swift in Sources */,
				4D696CEF287978360060CE41 /* MumentsOfRevisitedTVC.swift in Sources */,
				C7BC6B6A287710D6008C75CE /* UIButton+.swift in Sources */,
				4D76045A2880AC840044F2A6 /* MumentDetailVC.swift in Sources */,
				C73FC9C6287C19D30017F2DA /* GenericResponse.swift in Sources */,
				E781F219288052DF00484C28 /* MyMumentVC.swift in Sources */,
				C71B47FC2884369C001A7CD6 /* MumentAlertWithButtons.swift in Sources */,
				4D2BADD328806C08004A7E00 /* MumentCardBySongTVC.swift in Sources */,
				E781F219288052DF00484C28 /* MyMumentVC.swift in Sources */,
				C73FC9CE287C19F40017F2DA /* EventLogger.swift in Sources */,
				C7BC6B6028770FB6008C75CE /* UILabel+.swift in Sources */,
				C71B48162886E5DF001A7CD6 /* SignInVC.swift in Sources */,
				C71B47F52881A7C6001A7CD6 /* RecentSearchEmptyView.swift in Sources */,
				4D2BADCC288033E0004A7E00 /* MumentsByTagModel.swift in Sources */,
				C71B47EF2881A11E001A7CD6 /* UIImageView+.swift in Sources */,
				4D2BADD528806C10004A7E00 /* MumentCardBySongModel.swift in Sources */,
				4D696CE9287975740060CE41 /* HomeTVHeader.swift in Sources */,
				C7BC6B5E28770902008C75CE /* NSObject+.swift in Sources */,
				C7BB53002875960800E0E889 /* UIFont+.swift in Sources */,
				C7BC6B6428771042008C75CE /* UITableVIew+.swift in Sources */,
				4D13A65B28829FF000197D2A /* MumentHistoryVC.swift in Sources */,
				C7BC6B6C287710F9008C75CE /* String+.swift in Sources */,
				4D64A9ED287DD95A00450FCA /* DefaultMumentCardModel.swift in Sources */,
				C73FC9C4287C19CD0017F2DA /* APIConstants.swift in Sources */,
				C7BC6B512876AD8C008C75CE /* DefaultNavigationView.swift in Sources */,
				C74EC41A28758D220068EB46 /* AppDelegate.swift in Sources */,
				C7BB531C28759E0200E0E889 /* WriteVC.swift in Sources */,
				C73FC9C0287C19A40017F2DA /* TargetType.swift in Sources */,
				C7BB531628759BBD00E0E889 /* MumentTabBarController.swift in Sources */,
				C7BC6B6228771020008C75CE /* UICollectionView+.swift in Sources */,
				C73FC9B4287AEA510017F2DA /* MumentCompleteButton.swift in Sources */,
				C7BB531A28759DE500E0E889 /* HomeVC.swift in Sources */,
				E781F21B288052ED00484C28 /* LikedMumentVC.swift in Sources */,
				C71B480328854CD2001A7CD6 /* AlignmentLayout.swift in Sources */,
				4D76045228808CFA0044F2A6 /* SongDetailInfoModel.swift in Sources */,
				C71B48182886E7BA001A7CD6 /* SignInDataModel.swift in Sources */,
				4D7604612880ADB60044F2A6 /* DetailSongInfoView.swift in Sources */,
				4D13A6612886A87400197D2A /* SongInfoTVC.swift in Sources */,
				E781F21B288052ED00484C28 /* LikedMumentVC.swift in Sources */,
				4D9734ED287EB022003EF546 /* MumentsOfRevisitedCVC.swift in Sources */,
				C71B47F92882ACF1001A7CD6 /* SearchResultEmptyView.swift in Sources */,
				C7BB531E28759E6500E0E889 /* StorageVC.swift in Sources */,
				4D76045C2880ACB40044F2A6 /* DetailMumentCardView.swift in Sources */,
				C7BC6B722877ECA0008C75CE /* CALayer+.swift in Sources */,
				4D64A9EA287D885A00450FCA /* DefaultTagView.swift in Sources */,
				C71B47F12881A14F001A7CD6 /* ImageCacheManager.swift in Sources */,
				C73FC9CC287C19EC0017F2DA /* BaseAPI.swift in Sources */,
				C74EC41C28758D220068EB46 /* SceneDelegate.swift in Sources */,
				C7BC6B5A2876ADDD008C75CE /* ss.swift in Sources */,
				4D64A9EF287DEC1800450FCA /* DefaultMumentCardView.swift in Sources */,
				C71B48142886DD8E001A7CD6 /* SignAPI.swift in Sources */,
				4D696CEB287975800060CE41 /* CarouselTVC.swift in Sources */,
				C7BC6B5C287708D1008C75CE /* BaseNVC.swift in Sources */,
				4D76046E2881860C0044F2A6 /* MumentCardBySongView.swift in Sources */,
				4D7604662880C8ED0044F2A6 /* MumentDetailVCModel.swift in Sources */,
				C71B48092885A877001A7CD6 /* SearchForWriteView.swift in Sources */,
				4D760454288093280044F2A6 /* DefaultNavigationBar.swift in Sources */,
				C7BC6B6628771056008C75CE /* UITextField+.swift in Sources */,
				4D4C8658287BCD3D00D972AF /* CarouselCVC.swift in Sources */,
				C71B47ED28818B21001A7CD6 /* SearchTVC.swift in Sources */,
				C71B47F32881A44B001A7CD6 /* RecentSearchTVC.swift in Sources */,
				4D696CF3287978630060CE41 /* MumentForTodayTVC.swift in Sources */,
				C7BC6B7028771184008C75CE /* UIStackView+.swift in Sources */,
				C71B48052885641C001A7CD6 /* NewAlignedCollectionViewLayout.swift in Sources */,
				4D64A9E8287D810000450FCA /* MumentCardWithoutHeartView.swift in Sources */,
				4D9734F3287F3A41003EF546 /* Preview.swift in Sources */,
				C71B48122886DD29001A7CD6 /* SignInBodyModel.swift in Sources */,
				C71B4807288597ED001A7CD6 /* SearchBottomSheetVC.swift in Sources */,
				E781F2232881BC0800484C28 /* CellCategory.swift in Sources */,
				C7BC6B68287710BA008C75CE /* UIView+.swift in Sources */,
				E7D60FFF287EC821000720D4 /* ListCVC.swift in Sources */,
				C73FC9D0287C21590017F2DA /* WriteTagCVC.swift in Sources */,
				4D13A65D2882A42000197D2A /* MumentHistoryTVHeader.swift in Sources */,
				C73FC9CA287C19E60017F2DA /* SignService.swift in Sources */,
				E781F2252881FB5A00484C28 /* AlbumCVC.swift in Sources */,
				4D76046828814A8A0044F2A6 /* MyMumentSectionHeader.swift in Sources */,
			);
			runOnlyForDeploymentPostprocessing = 0;
		};
/* End PBXSourcesBuildPhase section */

/* Begin PBXVariantGroup section */
		C74EC42428758D230068EB46 /* LaunchScreen.storyboard */ = {
			isa = PBXVariantGroup;
			children = (
				C74EC42528758D230068EB46 /* Base */,
			);
			name = LaunchScreen.storyboard;
			sourceTree = "<group>";
		};
/* End PBXVariantGroup section */

/* Begin XCBuildConfiguration section */
		C74EC42828758D230068EB46 /* Debug */ = {
			isa = XCBuildConfiguration;
			buildSettings = {
				ALWAYS_SEARCH_USER_PATHS = NO;
				CLANG_ANALYZER_LOCALIZABILITY_NONLOCALIZED = YES;
				CLANG_ANALYZER_NONNULL = YES;
				CLANG_ANALYZER_NUMBER_OBJECT_CONVERSION = YES_AGGRESSIVE;
				CLANG_CXX_LANGUAGE_STANDARD = "gnu++17";
				CLANG_ENABLE_MODULES = YES;
				CLANG_ENABLE_OBJC_ARC = YES;
				CLANG_ENABLE_OBJC_WEAK = YES;
				CLANG_WARN_BLOCK_CAPTURE_AUTORELEASING = YES;
				CLANG_WARN_BOOL_CONVERSION = YES;
				CLANG_WARN_COMMA = YES;
				CLANG_WARN_CONSTANT_CONVERSION = YES;
				CLANG_WARN_DEPRECATED_OBJC_IMPLEMENTATIONS = YES;
				CLANG_WARN_DIRECT_OBJC_ISA_USAGE = YES_ERROR;
				CLANG_WARN_DOCUMENTATION_COMMENTS = YES;
				CLANG_WARN_EMPTY_BODY = YES;
				CLANG_WARN_ENUM_CONVERSION = YES;
				CLANG_WARN_INFINITE_RECURSION = YES;
				CLANG_WARN_INT_CONVERSION = YES;
				CLANG_WARN_NON_LITERAL_NULL_CONVERSION = YES;
				CLANG_WARN_OBJC_IMPLICIT_RETAIN_SELF = YES;
				CLANG_WARN_OBJC_LITERAL_CONVERSION = YES;
				CLANG_WARN_OBJC_ROOT_CLASS = YES_ERROR;
				CLANG_WARN_QUOTED_INCLUDE_IN_FRAMEWORK_HEADER = YES;
				CLANG_WARN_RANGE_LOOP_ANALYSIS = YES;
				CLANG_WARN_STRICT_PROTOTYPES = YES;
				CLANG_WARN_SUSPICIOUS_MOVE = YES;
				CLANG_WARN_UNGUARDED_AVAILABILITY = YES_AGGRESSIVE;
				CLANG_WARN_UNREACHABLE_CODE = YES;
				CLANG_WARN__DUPLICATE_METHOD_MATCH = YES;
				COPY_PHASE_STRIP = NO;
				DEBUG_INFORMATION_FORMAT = dwarf;
				ENABLE_STRICT_OBJC_MSGSEND = YES;
				ENABLE_TESTABILITY = YES;
				GCC_C_LANGUAGE_STANDARD = gnu11;
				GCC_DYNAMIC_NO_PIC = NO;
				GCC_NO_COMMON_BLOCKS = YES;
				GCC_OPTIMIZATION_LEVEL = 0;
				GCC_PREPROCESSOR_DEFINITIONS = (
					"DEBUG=1",
					"$(inherited)",
				);
				GCC_WARN_64_TO_32_BIT_CONVERSION = YES;
				GCC_WARN_ABOUT_RETURN_TYPE = YES_ERROR;
				GCC_WARN_UNDECLARED_SELECTOR = YES;
				GCC_WARN_UNINITIALIZED_AUTOS = YES_AGGRESSIVE;
				GCC_WARN_UNUSED_FUNCTION = YES;
				GCC_WARN_UNUSED_VARIABLE = YES;
				IPHONEOS_DEPLOYMENT_TARGET = 15.0;
				MTL_ENABLE_DEBUG_INFO = INCLUDE_SOURCE;
				MTL_FAST_MATH = YES;
				ONLY_ACTIVE_ARCH = YES;
				SDKROOT = iphoneos;
				SWIFT_ACTIVE_COMPILATION_CONDITIONS = DEBUG;
				SWIFT_OPTIMIZATION_LEVEL = "-Onone";
			};
			name = Debug;
		};
		C74EC42928758D230068EB46 /* Release */ = {
			isa = XCBuildConfiguration;
			buildSettings = {
				ALWAYS_SEARCH_USER_PATHS = NO;
				CLANG_ANALYZER_LOCALIZABILITY_NONLOCALIZED = YES;
				CLANG_ANALYZER_NONNULL = YES;
				CLANG_ANALYZER_NUMBER_OBJECT_CONVERSION = YES_AGGRESSIVE;
				CLANG_CXX_LANGUAGE_STANDARD = "gnu++17";
				CLANG_ENABLE_MODULES = YES;
				CLANG_ENABLE_OBJC_ARC = YES;
				CLANG_ENABLE_OBJC_WEAK = YES;
				CLANG_WARN_BLOCK_CAPTURE_AUTORELEASING = YES;
				CLANG_WARN_BOOL_CONVERSION = YES;
				CLANG_WARN_COMMA = YES;
				CLANG_WARN_CONSTANT_CONVERSION = YES;
				CLANG_WARN_DEPRECATED_OBJC_IMPLEMENTATIONS = YES;
				CLANG_WARN_DIRECT_OBJC_ISA_USAGE = YES_ERROR;
				CLANG_WARN_DOCUMENTATION_COMMENTS = YES;
				CLANG_WARN_EMPTY_BODY = YES;
				CLANG_WARN_ENUM_CONVERSION = YES;
				CLANG_WARN_INFINITE_RECURSION = YES;
				CLANG_WARN_INT_CONVERSION = YES;
				CLANG_WARN_NON_LITERAL_NULL_CONVERSION = YES;
				CLANG_WARN_OBJC_IMPLICIT_RETAIN_SELF = YES;
				CLANG_WARN_OBJC_LITERAL_CONVERSION = YES;
				CLANG_WARN_OBJC_ROOT_CLASS = YES_ERROR;
				CLANG_WARN_QUOTED_INCLUDE_IN_FRAMEWORK_HEADER = YES;
				CLANG_WARN_RANGE_LOOP_ANALYSIS = YES;
				CLANG_WARN_STRICT_PROTOTYPES = YES;
				CLANG_WARN_SUSPICIOUS_MOVE = YES;
				CLANG_WARN_UNGUARDED_AVAILABILITY = YES_AGGRESSIVE;
				CLANG_WARN_UNREACHABLE_CODE = YES;
				CLANG_WARN__DUPLICATE_METHOD_MATCH = YES;
				COPY_PHASE_STRIP = NO;
				DEBUG_INFORMATION_FORMAT = "dwarf-with-dsym";
				ENABLE_NS_ASSERTIONS = NO;
				ENABLE_STRICT_OBJC_MSGSEND = YES;
				GCC_C_LANGUAGE_STANDARD = gnu11;
				GCC_NO_COMMON_BLOCKS = YES;
				GCC_WARN_64_TO_32_BIT_CONVERSION = YES;
				GCC_WARN_ABOUT_RETURN_TYPE = YES_ERROR;
				GCC_WARN_UNDECLARED_SELECTOR = YES;
				GCC_WARN_UNINITIALIZED_AUTOS = YES_AGGRESSIVE;
				GCC_WARN_UNUSED_FUNCTION = YES;
				GCC_WARN_UNUSED_VARIABLE = YES;
				IPHONEOS_DEPLOYMENT_TARGET = 15.0;
				MTL_ENABLE_DEBUG_INFO = NO;
				MTL_FAST_MATH = YES;
				SDKROOT = iphoneos;
				SWIFT_COMPILATION_MODE = wholemodule;
				SWIFT_OPTIMIZATION_LEVEL = "-O";
				VALIDATE_PRODUCT = YES;
			};
			name = Release;
		};
		C74EC42B28758D230068EB46 /* Debug */ = {
			isa = XCBuildConfiguration;
			buildSettings = {
				ASSETCATALOG_COMPILER_APPICON_NAME = AppIcon;
				ASSETCATALOG_COMPILER_GLOBAL_ACCENT_COLOR_NAME = AccentColor;
				CODE_SIGN_STYLE = Automatic;
				CURRENT_PROJECT_VERSION = 1;
				DEVELOPMENT_TEAM = N4RT4KGQK9;
				GENERATE_INFOPLIST_FILE = YES;
				INFOPLIST_FILE = MUMENT/Info.plist;
				INFOPLIST_KEY_UIApplicationSupportsIndirectInputEvents = YES;
				INFOPLIST_KEY_UILaunchStoryboardName = LaunchScreen;
				INFOPLIST_KEY_UISupportedInterfaceOrientations = UIInterfaceOrientationPortrait;
				INFOPLIST_KEY_UISupportedInterfaceOrientations_iPad = "UIInterfaceOrientationPortrait UIInterfaceOrientationPortraitUpsideDown UIInterfaceOrientationLandscapeLeft UIInterfaceOrientationLandscapeRight";
				INFOPLIST_KEY_UISupportedInterfaceOrientations_iPhone = "UIInterfaceOrientationPortrait UIInterfaceOrientationLandscapeLeft UIInterfaceOrientationLandscapeRight";
				INFOPLIST_KEY_UIUserInterfaceStyle = Light;
				IPHONEOS_DEPLOYMENT_TARGET = 15.0;
				LD_RUNPATH_SEARCH_PATHS = (
					"$(inherited)",
					"@executable_path/Frameworks",
				);
				MARKETING_VERSION = 1.0;
				PRODUCT_BUNDLE_IDENTIFIER = jimin.iOS;
				PRODUCT_NAME = "$(TARGET_NAME)";
				SWIFT_EMIT_LOC_STRINGS = YES;
				SWIFT_VERSION = 5.0;
				TARGETED_DEVICE_FAMILY = "1,2";
			};
			name = Debug;
		};
		C74EC42C28758D230068EB46 /* Release */ = {
			isa = XCBuildConfiguration;
			buildSettings = {
				ASSETCATALOG_COMPILER_APPICON_NAME = AppIcon;
				ASSETCATALOG_COMPILER_GLOBAL_ACCENT_COLOR_NAME = AccentColor;
				CODE_SIGN_STYLE = Automatic;
				CURRENT_PROJECT_VERSION = 1;
				DEVELOPMENT_TEAM = N4RT4KGQK9;
				GENERATE_INFOPLIST_FILE = YES;
				INFOPLIST_FILE = MUMENT/Info.plist;
				INFOPLIST_KEY_UIApplicationSupportsIndirectInputEvents = YES;
				INFOPLIST_KEY_UILaunchStoryboardName = LaunchScreen;
				INFOPLIST_KEY_UISupportedInterfaceOrientations = UIInterfaceOrientationPortrait;
				INFOPLIST_KEY_UISupportedInterfaceOrientations_iPad = "UIInterfaceOrientationPortrait UIInterfaceOrientationPortraitUpsideDown UIInterfaceOrientationLandscapeLeft UIInterfaceOrientationLandscapeRight";
				INFOPLIST_KEY_UISupportedInterfaceOrientations_iPhone = "UIInterfaceOrientationPortrait UIInterfaceOrientationLandscapeLeft UIInterfaceOrientationLandscapeRight";
				INFOPLIST_KEY_UIUserInterfaceStyle = Light;
				IPHONEOS_DEPLOYMENT_TARGET = 15.0;
				LD_RUNPATH_SEARCH_PATHS = (
					"$(inherited)",
					"@executable_path/Frameworks",
				);
				MARKETING_VERSION = 1.0;
				PRODUCT_BUNDLE_IDENTIFIER = jimin.iOS;
				PRODUCT_NAME = "$(TARGET_NAME)";
				SWIFT_EMIT_LOC_STRINGS = YES;
				SWIFT_VERSION = 5.0;
				TARGETED_DEVICE_FAMILY = "1,2";
			};
			name = Release;
		};
/* End XCBuildConfiguration section */

/* Begin XCConfigurationList section */
		C74EC41128758D220068EB46 /* Build configuration list for PBXProject "MUMENT" */ = {
			isa = XCConfigurationList;
			buildConfigurations = (
				C74EC42828758D230068EB46 /* Debug */,
				C74EC42928758D230068EB46 /* Release */,
			);
			defaultConfigurationIsVisible = 0;
			defaultConfigurationName = Release;
		};
		C74EC42A28758D230068EB46 /* Build configuration list for PBXNativeTarget "MUMENT" */ = {
			isa = XCConfigurationList;
			buildConfigurations = (
				C74EC42B28758D230068EB46 /* Debug */,
				C74EC42C28758D230068EB46 /* Release */,
			);
			defaultConfigurationIsVisible = 0;
			defaultConfigurationName = Release;
		};
/* End XCConfigurationList section */

/* Begin XCRemoteSwiftPackageReference section */
		C74EC439287593910068EB46 /* XCRemoteSwiftPackageReference "SnapKit" */ = {
			isa = XCRemoteSwiftPackageReference;
			repositoryURL = "https://github.com/SnapKit/SnapKit.git";
			requirement = {
				branch = develop;
				kind = branch;
			};
		};
		C74EC43C2875939F0068EB46 /* XCRemoteSwiftPackageReference "Then" */ = {
			isa = XCRemoteSwiftPackageReference;
			repositoryURL = "https://github.com/devxoul/Then";
			requirement = {
				branch = master;
				kind = branch;
			};
		};
		C74EC43F287593BF0068EB46 /* XCRemoteSwiftPackageReference "RxSwift" */ = {
			isa = XCRemoteSwiftPackageReference;
			repositoryURL = "https://github.com/ReactiveX/RxSwift.git";
			requirement = {
				branch = main;
				kind = branch;
			};
		};
		C74EC44A287594270068EB46 /* XCRemoteSwiftPackageReference "Alamofire" */ = {
			isa = XCRemoteSwiftPackageReference;
			repositoryURL = "https://github.com/Alamofire/Alamofire.git";
			requirement = {
				branch = master;
				kind = branch;
			};
		};
/* End XCRemoteSwiftPackageReference section */

/* Begin XCSwiftPackageProductDependency section */
		C74EC43A287593910068EB46 /* SnapKit */ = {
			isa = XCSwiftPackageProductDependency;
			package = C74EC439287593910068EB46 /* XCRemoteSwiftPackageReference "SnapKit" */;
			productName = SnapKit;
		};
		C74EC43D2875939F0068EB46 /* Then */ = {
			isa = XCSwiftPackageProductDependency;
			package = C74EC43C2875939F0068EB46 /* XCRemoteSwiftPackageReference "Then" */;
			productName = Then;
		};
		C74EC440287593BF0068EB46 /* RxBlocking */ = {
			isa = XCSwiftPackageProductDependency;
			package = C74EC43F287593BF0068EB46 /* XCRemoteSwiftPackageReference "RxSwift" */;
			productName = RxBlocking;
		};
		C74EC442287593BF0068EB46 /* RxCocoa */ = {
			isa = XCSwiftPackageProductDependency;
			package = C74EC43F287593BF0068EB46 /* XCRemoteSwiftPackageReference "RxSwift" */;
			productName = RxCocoa;
		};
		C74EC444287593BF0068EB46 /* RxRelay */ = {
			isa = XCSwiftPackageProductDependency;
			package = C74EC43F287593BF0068EB46 /* XCRemoteSwiftPackageReference "RxSwift" */;
			productName = RxRelay;
		};
		C74EC446287593BF0068EB46 /* RxSwift */ = {
			isa = XCSwiftPackageProductDependency;
			package = C74EC43F287593BF0068EB46 /* XCRemoteSwiftPackageReference "RxSwift" */;
			productName = RxSwift;
		};
		C74EC44B287594270068EB46 /* Alamofire */ = {
			isa = XCSwiftPackageProductDependency;
			package = C74EC44A287594270068EB46 /* XCRemoteSwiftPackageReference "Alamofire" */;
			productName = Alamofire;
		};
/* End XCSwiftPackageProductDependency section */
	};
	rootObject = C74EC40E28758D220068EB46 /* Project object */;
}
